
Microsoft Visual Studio Solution File, Format Version 12.00
# Visual Studio Version 17
VisualStudioVersion = 17.13.35825.156 d17.13
MinimumVisualStudioVersion = 10.0.40219.1
Project("{FAE04EC0-301F-11D3-BF4B-00C04F79EFBC}") = "SuperHeroApp", "SuperHeroApp\SuperHeroApp.csproj", "{1C1885FD-D3E7-4740-9948-BB46DC23D227}"
EndProject
Global
	GlobalSection(SolutionConfigurationPlatforms) = preSolution
		Debug|Any CPU = Debug|Any CPU
		Release|Any CPU = Release|Any CPU
	EndGlobalSection
	GlobalSection(ProjectConfigurationPlatforms) = postSolution
		{1C1885FD-D3E7-4740-9948-BB46DC23D227}.Debug|Any CPU.ActiveCfg = Debug|Any CPU
		{1C1885FD-D3E7-4740-9948-BB46DC23D227}.Debug|Any CPU.Build.0 = Debug|Any CPU
		{1C1885FD-D3E7-4740-9948-BB46DC23D227}.Release|Any CPU.ActiveCfg = Release|Any CPU
		{1C1885FD-D3E7-4740-9948-BB46DC23D227}.Release|Any CPU.Build.0 = Release|Any CPU
	EndGlobalSection
	GlobalSection(SolutionProperties) = preSolution
		HideSolutionNode = FALSE
	EndGlobalSection
	GlobalSection(ExtensibilityGlobals) = postSolution
		SolutionGuid = {DA2D43C5-4FC4-4611-B039-58360A091DFB}
	EndGlobalSection
EndGlobal
